<?xml version="1.0" encoding="utf-8"?>
<Project ToolsVersion="4.0" xmlns="http://schemas.microsoft.com/developer/msbuild/2003">
  <ItemGroup>
    <Filter Include="Source Files">
      <UniqueIdentifier>{4FC737F1-C7A5-4376-A066-2A32D752A2FF}</UniqueIdentifier>
      <Extensions>cpp;c;cc;cxx;c++;cppm;ixx;def;odl;idl;hpj;bat;asm;asmx</Extensions>
    </Filter>
    <Filter Include="Header Files">
      <UniqueIdentifier>{93995380-89BD-4b04-88EB-625FBE52EBFB}</UniqueIdentifier>
      <Extensions>h;hh;hpp;hxx;h++;hm;inl;inc;ipp;xsd</Extensions>
    </Filter>
    <Filter Include="Resource Files">
      <UniqueIdentifier>{67DA6AB6-F800-4c08-8B7A-83BB121AAD01}</UniqueIdentifier>
      <Extensions>rc;ico;cur;bmp;dlg;rc2;rct;bin;rgs;gif;jpg;jpeg;jpe;resx;tiff;tif;png;wav;mfcribbon-ms</Extensions>
    </Filter>
    <Filter Include="gitstuff">
      <UniqueIdentifier>{ca412e60-c348-4c70-b9f9-92095338bbac}</UniqueIdentifier>
    </Filter>
    <Filter Include="Source Files\VM">
      <UniqueIdentifier>{8d5de5fd-ca34-4292-a337-a4bfe4e77cb0}</UniqueIdentifier>
    </Filter>
    <Filter Include="Source Files\Demo">
      <UniqueIdentifier>{1fb7f82c-2925-4fd1-8ae0-c70fff1f2e64}</UniqueIdentifier>
    </Filter>
    <Filter Include="Header Files\VM">
      <UniqueIdentifier>{dd5aef80-9c45-491a-ab97-cb5663a4f5f9}</UniqueIdentifier>
    </Filter>
    <Filter Include="Source Files\Compiler">
      <UniqueIdentifier>{070e7e0b-53fb-494d-b5e9-23ec2ace2aa6}</UniqueIdentifier>
    </Filter>
    <Filter Include="Header Files\Compiler">
      <UniqueIdentifier>{f8bbd083-4124-4fe6-b251-9968b727c5ed}</UniqueIdentifier>
    </Filter>
  </ItemGroup>
  <ItemGroup>
    <ClCompile Include="Program.cpp">
      <Filter>Source Files\VM</Filter>
    </ClCompile>
    <ClCompile Include="VM.cpp">
      <Filter>Source Files\VM</Filter>
    </ClCompile>
    <ClCompile Include="VMBytecode.cpp">
      <Filter>Source Files\VM</Filter>
    </ClCompile>
    <ClCompile Include="VMFFI.cpp">
      <Filter>Source Files\VM</Filter>
    </ClCompile>
    <ClCompile Include="VMStack.cpp">
      <Filter>Source Files\VM</Filter>
    </ClCompile>
    <ClCompile Include="main.cpp">
      <Filter>Source Files\Demo</Filter>
    </ClCompile>
    <ClCompile Include="Compiler.cpp">
      <Filter>Source Files\Compiler</Filter>
    </ClCompile>
    <ClCompile Include="Tokenizer.cpp">
      <Filter>Source Files\Compiler</Filter>
    </ClCompile>
    <ClCompile Include="Parser.cpp">
      <Filter>Source Files\Compiler</Filter>
    </ClCompile>
    <ClCompile Include="Types.cpp">
      <Filter>Source Files\Compiler</Filter>
    </ClCompile>
  </ItemGroup>
  <ItemGroup>
    <ClInclude Include="Program.h">
      <Filter>Header Files\VM</Filter>
    </ClInclude>
    <ClInclude Include="VM.h">
      <Filter>Header Files\VM</Filter>
    </ClInclude>
    <ClInclude Include="VMBytecode.h">
      <Filter>Header Files\VM</Filter>
    </ClInclude>
    <ClInclude Include="VMFFI.h">
      <Filter>Header Files\VM</Filter>
    </ClInclude>
    <ClInclude Include="VMStack.h">
      <Filter>Header Files\VM</Filter>
    </ClInclude>
    <ClInclude Include="AST.h">
      <Filter>Header Files\Compiler</Filter>
    </ClInclude>
    <ClInclude Include="Compiler.h">
      <Filter>Header Files\Compiler</Filter>
    </ClInclude>
    <ClInclude Include="Tokenizer.h">
      <Filter>Header Files\Compiler</Filter>
    </ClInclude>
    <ClInclude Include="Tokens.h">
      <Filter>Header Files\Compiler</Filter>
    </ClInclude>
    <ClInclude Include="Parser.h">
      <Filter>Header Files\Compiler</Filter>
    </ClInclude>
    <ClInclude Include="VectorView.h">
      <Filter>Header Files</Filter>
    </ClInclude>
    <ClInclude Include="Types.h">
      <Filter>Header Files\Compiler</Filter>
    </ClInclude>
  </ItemGroup>
  <ItemGroup>
    <None Include=".gitattributes">
      <Filter>gitstuff</Filter>
    </None>
    <None Include=".gitignore">
      <Filter>gitstuff</Filter>
    </None>
    <None Include="test.wut">
      <Filter>Resource Files</Filter>
    </None>
  </ItemGroup>
</Project>